
Microsoft Visual Studio Solution File, Format Version 12.00
# Visual Studio 2013
VisualStudioVersion = 12.0.21005.1
MinimumVisualStudioVersion = 10.0.40219.1
Project("{FAE04EC0-301F-11D3-BF4B-00C04F79EFBC}") = "IT2605Prac05_ACME", "IT2605Prac05_ACME\IT2605Prac05_ACME.csproj", "{89ACFA11-9406-4F08-9D35-78F37FAFFA04}"
EndProject
Global
	GlobalSection(SolutionConfigurationPlatforms) = preSolution
		Debug|Any CPU = Debug|Any CPU
		Release|Any CPU = Release|Any CPU
	EndGlobalSection
	GlobalSection(ProjectConfigurationPlatforms) = postSolution
		{89ACFA11-9406-4F08-9D35-78F37FAFFA04}.Debug|Any CPU.ActiveCfg = Debug|Any CPU
		{89ACFA11-9406-4F08-9D35-78F37FAFFA04}.Debug|Any CPU.Build.0 = Debug|Any CPU
		{89ACFA11-9406-4F08-9D35-78F37FAFFA04}.Release|Any CPU.ActiveCfg = Release|Any CPU
		{89ACFA11-9406-4F08-9D35-78F37FAFFA04}.Release|Any CPU.Build.0 = Release|Any CPU
	EndGlobalSection
	GlobalSection(SolutionProperties) = preSolution
		HideSolutionNode = FALSE
	EndGlobalSection
EndGlobal
