
Microsoft Visual Studio Solution File, Format Version 12.00
# Visual Studio 15
VisualStudioVersion = 15.0.27130.2036
MinimumVisualStudioVersion = 10.0.40219.1
Project("{FAE04EC0-301F-11D3-BF4B-00C04F79EFBC}") = "IT2605Prac05_BBS", "IT2605Prac05_BBS\IT2605Prac05_BBS.csproj", "{7EB96C33-100A-46EF-902A-CF13A4521AAE}"
EndProject
Global
	GlobalSection(SolutionConfigurationPlatforms) = preSolution
		Debug|Any CPU = Debug|Any CPU
		Release|Any CPU = Release|Any CPU
	EndGlobalSection
	GlobalSection(ProjectConfigurationPlatforms) = postSolution
		{7EB96C33-100A-46EF-902A-CF13A4521AAE}.Debug|Any CPU.ActiveCfg = Debug|Any CPU
		{7EB96C33-100A-46EF-902A-CF13A4521AAE}.Debug|Any CPU.Build.0 = Debug|Any CPU
		{7EB96C33-100A-46EF-902A-CF13A4521AAE}.Release|Any CPU.ActiveCfg = Release|Any CPU
		{7EB96C33-100A-46EF-902A-CF13A4521AAE}.Release|Any CPU.Build.0 = Release|Any CPU
	EndGlobalSection
	GlobalSection(SolutionProperties) = preSolution
		HideSolutionNode = FALSE
	EndGlobalSection
	GlobalSection(ExtensibilityGlobals) = postSolution
		SolutionGuid = {3BCB0058-75AB-4E44-8F41-057581DA5921}
	EndGlobalSection
EndGlobal
